{
    "_meta": {
        "hash": {
            "sha256": "70f227b62b3344f08f8e6a8707201bf94fec08faba28bdc3c6ecea5ff8be1d61"
        },
        "pipfile-spec": 6,
        "requires": {
            "python_version": "3.9"
        },
        "sources": [
            {
                "name": "pypi",
                "url": "https://pypi.org/simple",
                "verify_ssl": true
            }
        ]
    },
    "default": {},
    "develop": {}
}
